// !$*UTF8*$!
{
	archiveVersion = 1;
	classes = {
	};
	objectVersion = 55;
	objects = {

/* Begin PBXBuildFile section */
		3F3011AF291FD5B200613D2D /* AppDelegate.swift in Sources */ = {isa = PBXBuildFile; fileRef = 3F3011AE291FD5B200613D2D /* AppDelegate.swift */; };
		3F3011B1291FD5B200613D2D /* SceneDelegate.swift in Sources */ = {isa = PBXBuildFile; fileRef = 3F3011B0291FD5B200613D2D /* SceneDelegate.swift */; };
		3F3011B3291FD5B200613D2D /* ViewController.swift in Sources */ = {isa = PBXBuildFile; fileRef = 3F3011B2291FD5B200613D2D /* ViewController.swift */; };
		3F3011B6291FD5B200613D2D /* Main.storyboard in Resources */ = {isa = PBXBuildFile; fileRef = 3F3011B4291FD5B200613D2D /* Main.storyboard */; };
		3F3011B8291FD5B400613D2D /* Assets.xcassets in Resources */ = {isa = PBXBuildFile; fileRef = 3F3011B7291FD5B400613D2D /* Assets.xcassets */; };
		3F3011BB291FD5B400613D2D /* LaunchScreen.storyboard in Resources */ = {isa = PBXBuildFile; fileRef = 3F3011B9291FD5B400613D2D /* LaunchScreen.storyboard */; };
		3F3011C3291FDE1000613D2D /* DataStoreable.swift in Sources */ = {isa = PBXBuildFile; fileRef = 3F3011C2291FDE1000613D2D /* DataStoreable.swift */; };
		3F3C36B42A41E1A3004B6057 /* NtMonth+Report.swift in Sources */ = {isa = PBXBuildFile; fileRef = 3F3C36B32A41E1A3004B6057 /* NtMonth+Report.swift */; };
		3F3C36B62A41E388004B6057 /* ReportViewController.swift in Sources */ = {isa = PBXBuildFile; fileRef = 3F3C36B52A41E388004B6057 /* ReportViewController.swift */; };
		3F4DF5E52944C07C00092D2C /* Coordinator.swift in Sources */ = {isa = PBXBuildFile; fileRef = 3F4DF5E42944C07C00092D2C /* Coordinator.swift */; };
		3F4DF5E72944C42C00092D2C /* ViewControllerUpdatable.swift in Sources */ = {isa = PBXBuildFile; fileRef = 3F4DF5E62944C42C00092D2C /* ViewControllerUpdatable.swift */; };
		3F563CBB293747D60009E755 /* Int+.swift in Sources */ = {isa = PBXBuildFile; fileRef = 3F563CBA293747D60009E755 /* Int+.swift */; };
		3F90B6252A373BD700674CDD /* NTMonth+Model.swift in Sources */ = {isa = PBXBuildFile; fileRef = 3F90B6242A373BD700674CDD /* NTMonth+Model.swift */; };
		3F90B6282A373D5F00674CDD /* DayListViewModel.swift in Sources */ = {isa = PBXBuildFile; fileRef = 3F90B6272A373D5F00674CDD /* DayListViewModel.swift */; };
		3FA17D4C2A447F810014CBE0 /* SecretKey.swift in Sources */ = {isa = PBXBuildFile; fileRef = 3FA17D4B2A447F810014CBE0 /* SecretKey.swift */; };
		3FA17D502A4484D90014CBE0 /* SecretKey.json in Resources */ = {isa = PBXBuildFile; fileRef = 3FA17D4F2A4484D90014CBE0 /* SecretKey.json */; };
		3FCDE061293DDB0A003583B1 /* SpendListTableViewController.swift in Sources */ = {isa = PBXBuildFile; fileRef = 3FCDE060293DDB0A003583B1 /* SpendListTableViewController.swift */; };
		3FCDE063293DE25E003583B1 /* SpendListTableCell.swift in Sources */ = {isa = PBXBuildFile; fileRef = 3FCDE062293DE25E003583B1 /* SpendListTableCell.swift */; };
		3FDDDF0A29275EAD00ECFCCE /* function.swift in Sources */ = {isa = PBXBuildFile; fileRef = 3FDDDF0929275EAD00ECFCCE /* function.swift */; };
		3FDDDF0D29275F5C00ECFCCE /* Date+.swift in Sources */ = {isa = PBXBuildFile; fileRef = 3FDDDF0C29275F5C00ECFCCE /* Date+.swift */; };
		3FDDDF102927680600ECFCCE /* NTObject.swift in Sources */ = {isa = PBXBuildFile; fileRef = 3FDDDF0F2927680600ECFCCE /* NTObject.swift */; };
		3FDDDF122927680B00ECFCCE /* NTSpendDay.swift in Sources */ = {isa = PBXBuildFile; fileRef = 3FDDDF112927680B00ECFCCE /* NTSpendDay.swift */; };
		3FDDDF152927682100ECFCCE /* NTMonth.swift in Sources */ = {isa = PBXBuildFile; fileRef = 3FDDDF142927682100ECFCCE /* NTMonth.swift */; };
		3FDDDF1729276A0600ECFCCE /* NTGroup.swift in Sources */ = {isa = PBXBuildFile; fileRef = 3FDDDF1629276A0600ECFCCE /* NTGroup.swift */; };
		3FDDDF1929276C1000ECFCCE /* NTSpendCategory.swift in Sources */ = {isa = PBXBuildFile; fileRef = 3FDDDF1829276C1000ECFCCE /* NTSpendCategory.swift */; };
		3FDDDF1B29276CBA00ECFCCE /* SQLiteDataStore.swift in Sources */ = {isa = PBXBuildFile; fileRef = 3FDDDF1A29276CBA00ECFCCE /* SQLiteDataStore.swift */; };
		3FDDDF1E29277BDA00ECFCCE /* DayListViewController.swift in Sources */ = {isa = PBXBuildFile; fileRef = 3FDDDF1D29277BDA00ECFCCE /* DayListViewController.swift */; };
		3FDDDF2029278E7C00ECFCCE /* MonthYearPickerView.swift in Sources */ = {isa = PBXBuildFile; fileRef = 3FDDDF1F29278E7C00ECFCCE /* MonthYearPickerView.swift */; };
		3FDDDF232927979D00ECFCCE /* SpendDayTableCell.swift in Sources */ = {isa = PBXBuildFile; fileRef = 3FDDDF222927979D00ECFCCE /* SpendDayTableCell.swift */; };
		3FDDDF252927B48200ECFCCE /* UIView+.swift in Sources */ = {isa = PBXBuildFile; fileRef = 3FDDDF242927B48200ECFCCE /* UIView+.swift */; };
		3FDDDF292927BC0E00ECFCCE /* AddMonthViewController.swift in Sources */ = {isa = PBXBuildFile; fileRef = 3FDDDF282927BC0E00ECFCCE /* AddMonthViewController.swift */; };
		3FDDDF2B2927BCED00ECFCCE /* GroupTableCell.swift in Sources */ = {isa = PBXBuildFile; fileRef = 3FDDDF2A2927BCED00ECFCCE /* GroupTableCell.swift */; };
		3FDDDF2E29309CAE00ECFCCE /* SpendDayTableAddCell.swift in Sources */ = {isa = PBXBuildFile; fileRef = 3FDDDF2D29309CAE00ECFCCE /* SpendDayTableAddCell.swift */; };
		3FDDDF302930A0E800ECFCCE /* AddSpendViewController.swift in Sources */ = {isa = PBXBuildFile; fileRef = 3FDDDF2F2930A0E800ECFCCE /* AddSpendViewController.swift */; };
		3FDDDF322930A34D00ECFCCE /* CategoryTableCell.swift in Sources */ = {isa = PBXBuildFile; fileRef = 3FDDDF312930A34D00ECFCCE /* CategoryTableCell.swift */; };
/* End PBXBuildFile section */

/* Begin PBXFileReference section */
		3F3011AB291FD5B200613D2D /* SaveMoney.app */ = {isa = PBXFileReference; explicitFileType = wrapper.application; includeInIndex = 0; path = SaveMoney.app; sourceTree = BUILT_PRODUCTS_DIR; };
		3F3011AE291FD5B200613D2D /* AppDelegate.swift */ = {isa = PBXFileReference; lastKnownFileType = sourcecode.swift; path = AppDelegate.swift; sourceTree = "<group>"; };
		3F3011B0291FD5B200613D2D /* SceneDelegate.swift */ = {isa = PBXFileReference; lastKnownFileType = sourcecode.swift; path = SceneDelegate.swift; sourceTree = "<group>"; };
		3F3011B2291FD5B200613D2D /* ViewController.swift */ = {isa = PBXFileReference; lastKnownFileType = sourcecode.swift; path = ViewController.swift; sourceTree = "<group>"; };
		3F3011B5291FD5B200613D2D /* Base */ = {isa = PBXFileReference; lastKnownFileType = file.storyboard; name = Base; path = Base.lproj/Main.storyboard; sourceTree = "<group>"; };
		3F3011B7291FD5B400613D2D /* Assets.xcassets */ = {isa = PBXFileReference; lastKnownFileType = folder.assetcatalog; path = Assets.xcassets; sourceTree = "<group>"; };
		3F3011BA291FD5B400613D2D /* Base */ = {isa = PBXFileReference; lastKnownFileType = file.storyboard; name = Base; path = Base.lproj/LaunchScreen.storyboard; sourceTree = "<group>"; };
		3F3011BC291FD5B400613D2D /* Info.plist */ = {isa = PBXFileReference; lastKnownFileType = text.plist.xml; path = Info.plist; sourceTree = "<group>"; };
		3F3011C2291FDE1000613D2D /* DataStoreable.swift */ = {isa = PBXFileReference; lastKnownFileType = sourcecode.swift; path = DataStoreable.swift; sourceTree = "<group>"; };
		3F3C36B32A41E1A3004B6057 /* NtMonth+Report.swift */ = {isa = PBXFileReference; lastKnownFileType = sourcecode.swift; path = "NtMonth+Report.swift"; sourceTree = "<group>"; };
		3F3C36B52A41E388004B6057 /* ReportViewController.swift */ = {isa = PBXFileReference; lastKnownFileType = sourcecode.swift; path = ReportViewController.swift; sourceTree = "<group>"; };
		3F4DF5E42944C07C00092D2C /* Coordinator.swift */ = {isa = PBXFileReference; lastKnownFileType = sourcecode.swift; path = Coordinator.swift; sourceTree = "<group>"; };
		3F4DF5E62944C42C00092D2C /* ViewControllerUpdatable.swift */ = {isa = PBXFileReference; lastKnownFileType = sourcecode.swift; path = ViewControllerUpdatable.swift; sourceTree = "<group>"; };
		3F563CBA293747D60009E755 /* Int+.swift */ = {isa = PBXFileReference; lastKnownFileType = sourcecode.swift; path = "Int+.swift"; sourceTree = "<group>"; };
		3F90B6242A373BD700674CDD /* NTMonth+Model.swift */ = {isa = PBXFileReference; lastKnownFileType = sourcecode.swift; path = "NTMonth+Model.swift"; sourceTree = "<group>"; };
		3F90B6272A373D5F00674CDD /* DayListViewModel.swift */ = {isa = PBXFileReference; lastKnownFileType = sourcecode.swift; path = DayListViewModel.swift; sourceTree = "<group>"; };
		3FA17D4B2A447F810014CBE0 /* SecretKey.swift */ = {isa = PBXFileReference; lastKnownFileType = sourcecode.swift; path = SecretKey.swift; sourceTree = "<group>"; };
		3FA17D4F2A4484D90014CBE0 /* SecretKey.json */ = {isa = PBXFileReference; lastKnownFileType = text.json; path = SecretKey.json; sourceTree = "<group>"; };
		3FCDE060293DDB0A003583B1 /* SpendListTableViewController.swift */ = {isa = PBXFileReference; lastKnownFileType = sourcecode.swift; path = SpendListTableViewController.swift; sourceTree = "<group>"; };
		3FCDE062293DE25E003583B1 /* SpendListTableCell.swift */ = {isa = PBXFileReference; lastKnownFileType = sourcecode.swift; path = SpendListTableCell.swift; sourceTree = "<group>"; };
		3FDDDF0929275EAD00ECFCCE /* function.swift */ = {isa = PBXFileReference; lastKnownFileType = sourcecode.swift; path = function.swift; sourceTree = "<group>"; };
		3FDDDF0C29275F5C00ECFCCE /* Date+.swift */ = {isa = PBXFileReference; lastKnownFileType = sourcecode.swift; path = "Date+.swift"; sourceTree = "<group>"; };
		3FDDDF0F2927680600ECFCCE /* NTObject.swift */ = {isa = PBXFileReference; lastKnownFileType = sourcecode.swift; path = NTObject.swift; sourceTree = "<group>"; };
		3FDDDF112927680B00ECFCCE /* NTSpendDay.swift */ = {isa = PBXFileReference; lastKnownFileType = sourcecode.swift; path = NTSpendDay.swift; sourceTree = "<group>"; };
		3FDDDF142927682100ECFCCE /* NTMonth.swift */ = {isa = PBXFileReference; lastKnownFileType = sourcecode.swift; path = NTMonth.swift; sourceTree = "<group>"; };
		3FDDDF1629276A0600ECFCCE /* NTGroup.swift */ = {isa = PBXFileReference; lastKnownFileType = sourcecode.swift; path = NTGroup.swift; sourceTree = "<group>"; };
		3FDDDF1829276C1000ECFCCE /* NTSpendCategory.swift */ = {isa = PBXFileReference; lastKnownFileType = sourcecode.swift; path = NTSpendCategory.swift; sourceTree = "<group>"; };
		3FDDDF1A29276CBA00ECFCCE /* SQLiteDataStore.swift */ = {isa = PBXFileReference; lastKnownFileType = sourcecode.swift; path = SQLiteDataStore.swift; sourceTree = "<group>"; };
		3FDDDF1D29277BDA00ECFCCE /* DayListViewController.swift */ = {isa = PBXFileReference; lastKnownFileType = sourcecode.swift; path = DayListViewController.swift; sourceTree = "<group>"; };
		3FDDDF1F29278E7C00ECFCCE /* MonthYearPickerView.swift */ = {isa = PBXFileReference; lastKnownFileType = sourcecode.swift; path = MonthYearPickerView.swift; sourceTree = "<group>"; };
		3FDDDF222927979D00ECFCCE /* SpendDayTableCell.swift */ = {isa = PBXFileReference; lastKnownFileType = sourcecode.swift; path = SpendDayTableCell.swift; sourceTree = "<group>"; };
		3FDDDF242927B48200ECFCCE /* UIView+.swift */ = {isa = PBXFileReference; lastKnownFileType = sourcecode.swift; path = "UIView+.swift"; sourceTree = "<group>"; };
		3FDDDF282927BC0E00ECFCCE /* AddMonthViewController.swift */ = {isa = PBXFileReference; lastKnownFileType = sourcecode.swift; path = AddMonthViewController.swift; sourceTree = "<group>"; };
		3FDDDF2A2927BCED00ECFCCE /* GroupTableCell.swift */ = {isa = PBXFileReference; lastKnownFileType = sourcecode.swift; path = GroupTableCell.swift; sourceTree = "<group>"; };
		3FDDDF2D29309CAE00ECFCCE /* SpendDayTableAddCell.swift */ = {isa = PBXFileReference; lastKnownFileType = sourcecode.swift; path = SpendDayTableAddCell.swift; sourceTree = "<group>"; };
		3FDDDF2F2930A0E800ECFCCE /* AddSpendViewController.swift */ = {isa = PBXFileReference; lastKnownFileType = sourcecode.swift; path = AddSpendViewController.swift; sourceTree = "<group>"; };
		3FDDDF312930A34D00ECFCCE /* CategoryTableCell.swift */ = {isa = PBXFileReference; lastKnownFileType = sourcecode.swift; path = CategoryTableCell.swift; sourceTree = "<group>"; };
/* End PBXFileReference section */

/* Begin PBXFrameworksBuildPhase section */
		3F3011A8291FD5B200613D2D /* Frameworks */ = {
			isa = PBXFrameworksBuildPhase;
			buildActionMask = 2147483647;
			files = (
			);
			runOnlyForDeploymentPostprocessing = 0;
		};
/* End PBXFrameworksBuildPhase section */

/* Begin PBXGroup section */
		3F3011A2291FD5B200613D2D = {
			isa = PBXGroup;
			children = (
				3F3011AD291FD5B200613D2D /* SaveMoney */,
				3F3011AC291FD5B200613D2D /* Products */,
			);
			sourceTree = "<group>";
		};
		3F3011AC291FD5B200613D2D /* Products */ = {
			isa = PBXGroup;
			children = (
				3F3011AB291FD5B200613D2D /* SaveMoney.app */,
			);
			name = Products;
			sourceTree = "<group>";
		};
		3F3011AD291FD5B200613D2D /* SaveMoney */ = {
			isa = PBXGroup;
			children = (
				3F4DF5E32944C07200092D2C /* Coordinator */,
				3FDDDF2C2930955300ECFCCE /* View */,
				3FDDDF1C29277BC500ECFCCE /* ViewController */,
				3F3011C4291FDE7C00613D2D /* DataStore */,
				3FDDDF0E292767F200ECFCCE /* NTObject */,
				3FDDDF0B29275F5800ECFCCE /* Extension */,
				3FDDDF0829275EA700ECFCCE /* function */,
				3F3011AE291FD5B200613D2D /* AppDelegate.swift */,
				3F3011B0291FD5B200613D2D /* SceneDelegate.swift */,
				3F3011B2291FD5B200613D2D /* ViewController.swift */,
				3F3011B4291FD5B200613D2D /* Main.storyboard */,
				3F3011B7291FD5B400613D2D /* Assets.xcassets */,
				3F3011B9291FD5B400613D2D /* LaunchScreen.storyboard */,
				3F3011BC291FD5B400613D2D /* Info.plist */,
				3FA17D4B2A447F810014CBE0 /* SecretKey.swift */,
				3FA17D4F2A4484D90014CBE0 /* SecretKey.json */,
			);
			path = SaveMoney;
			sourceTree = "<group>";
		};
		3F3011C4291FDE7C00613D2D /* DataStore */ = {
			isa = PBXGroup;
			children = (
				3F3011C2291FDE1000613D2D /* DataStoreable.swift */,
				3FDDDF1A29276CBA00ECFCCE /* SQLiteDataStore.swift */,
			);
			path = DataStore;
			sourceTree = "<group>";
		};
		3F4DF5E32944C07200092D2C /* Coordinator */ = {
			isa = PBXGroup;
			children = (
				3F4DF5E42944C07C00092D2C /* Coordinator.swift */,
			);
			path = Coordinator;
			sourceTree = "<group>";
		};
		3F90B6222A373BB000674CDD /* Month */ = {
			isa = PBXGroup;
			children = (
				3FDDDF142927682100ECFCCE /* NTMonth.swift */,
				3F90B6242A373BD700674CDD /* NTMonth+Model.swift */,
				3F3C36B32A41E1A3004B6057 /* NtMonth+Report.swift */,
				3FDDDF1629276A0600ECFCCE /* NTGroup.swift */,
			);
			path = Month;
			sourceTree = "<group>";
		};
		3F90B6232A373BB700674CDD /* Day */ = {
			isa = PBXGroup;
			children = (
				3FDDDF112927680B00ECFCCE /* NTSpendDay.swift */,
				3FDDDF1829276C1000ECFCCE /* NTSpendCategory.swift */,
			);
			path = Day;
			sourceTree = "<group>";
		};
		3F90B6262A373D5100674CDD /* DayListViewModel */ = {
			isa = PBXGroup;
			children = (
				3F90B6272A373D5F00674CDD /* DayListViewModel.swift */,
			);
			path = DayListViewModel;
			sourceTree = "<group>";
		};
		3F90B6292A3745B800674CDD /* DayList */ = {
			isa = PBXGroup;
			children = (
				3F90B6262A373D5100674CDD /* DayListViewModel */,
				3FDDDF1D29277BDA00ECFCCE /* DayListViewController.swift */,
			);
			path = DayList;
			sourceTree = "<group>";
		};
		3F90B62A2A3745C200674CDD /* AddMonth */ = {
			isa = PBXGroup;
			children = (
				3FDDDF282927BC0E00ECFCCE /* AddMonthViewController.swift */,
			);
			path = AddMonth;
			sourceTree = "<group>";
		};
		3FDDDF0829275EA700ECFCCE /* function */ = {
			isa = PBXGroup;
			children = (
				3FDDDF0929275EAD00ECFCCE /* function.swift */,
			);
			path = function;
			sourceTree = "<group>";
		};
		3FDDDF0B29275F5800ECFCCE /* Extension */ = {
			isa = PBXGroup;
			children = (
				3FDDDF0C29275F5C00ECFCCE /* Date+.swift */,
				3FDDDF242927B48200ECFCCE /* UIView+.swift */,
				3F563CBA293747D60009E755 /* Int+.swift */,
			);
			path = Extension;
			sourceTree = "<group>";
		};
		3FDDDF0E292767F200ECFCCE /* NTObject */ = {
			isa = PBXGroup;
			children = (
				3FDDDF0F2927680600ECFCCE /* NTObject.swift */,
				3F90B6222A373BB000674CDD /* Month */,
				3F90B6232A373BB700674CDD /* Day */,
			);
			path = NTObject;
			sourceTree = "<group>";
		};
		3FDDDF1C29277BC500ECFCCE /* ViewController */ = {
			isa = PBXGroup;
			children = (
				3F90B6292A3745B800674CDD /* DayList */,
				3F90B62A2A3745C200674CDD /* AddMonth */,
				3FDDDF2F2930A0E800ECFCCE /* AddSpendViewController.swift */,
				3FCDE060293DDB0A003583B1 /* SpendListTableViewController.swift */,
				3F4DF5E62944C42C00092D2C /* ViewControllerUpdatable.swift */,
				3F3C36B52A41E388004B6057 /* ReportViewController.swift */,
			);
			path = ViewController;
			sourceTree = "<group>";
		};
		3FDDDF2C2930955300ECFCCE /* View */ = {
			isa = PBXGroup;
			children = (
				3FDDDF1F29278E7C00ECFCCE /* MonthYearPickerView.swift */,
				3FDDDF222927979D00ECFCCE /* SpendDayTableCell.swift */,
				3FDDDF2D29309CAE00ECFCCE /* SpendDayTableAddCell.swift */,
				3FDDDF2A2927BCED00ECFCCE /* GroupTableCell.swift */,
				3FDDDF312930A34D00ECFCCE /* CategoryTableCell.swift */,
				3FCDE062293DE25E003583B1 /* SpendListTableCell.swift */,
			);
			path = View;
			sourceTree = "<group>";
		};
/* End PBXGroup section */

/* Begin PBXNativeTarget section */
		3F3011AA291FD5B200613D2D /* SaveMoney */ = {
			isa = PBXNativeTarget;
			buildConfigurationList = 3F3011BF291FD5B400613D2D /* Build configuration list for PBXNativeTarget "SaveMoney" */;
			buildPhases = (
				3F3011A7291FD5B200613D2D /* Sources */,
				3F3011A8291FD5B200613D2D /* Frameworks */,
				3F3011A9291FD5B200613D2D /* Resources */,
			);
			buildRules = (
			);
			dependencies = (
			);
			name = SaveMoney;
			productName = SaveMoney;
			productReference = 3F3011AB291FD5B200613D2D /* SaveMoney.app */;
			productType = "com.apple.product-type.application";
		};
/* End PBXNativeTarget section */

/* Begin PBXProject section */
		3F3011A3291FD5B200613D2D /* Project object */ = {
			isa = PBXProject;
			attributes = {
				BuildIndependentTargetsInParallel = 1;
				LastSwiftUpdateCheck = 1340;
				LastUpgradeCheck = 1340;
				TargetAttributes = {
					3F3011AA291FD5B200613D2D = {
						CreatedOnToolsVersion = 13.4.1;
					};
				};
			};
			buildConfigurationList = 3F3011A6291FD5B200613D2D /* Build configuration list for PBXProject "SaveMoney" */;
			compatibilityVersion = "Xcode 13.0";
			developmentRegion = en;
			hasScannedForEncodings = 0;
			knownRegions = (
				en,
				Base,
			);
			mainGroup = 3F3011A2291FD5B200613D2D;
			productRefGroup = 3F3011AC291FD5B200613D2D /* Products */;
			projectDirPath = "";
			projectRoot = "";
			targets = (
				3F3011AA291FD5B200613D2D /* SaveMoney */,
			);
		};
/* End PBXProject section */

/* Begin PBXResourcesBuildPhase section */
		3F3011A9291FD5B200613D2D /* Resources */ = {
			isa = PBXResourcesBuildPhase;
			buildActionMask = 2147483647;
			files = (
				3F3011BB291FD5B400613D2D /* LaunchScreen.storyboard in Resources */,
				3FA17D502A4484D90014CBE0 /* SecretKey.json in Resources */,
				3F3011B8291FD5B400613D2D /* Assets.xcassets in Resources */,
				3F3011B6291FD5B200613D2D /* Main.storyboard in Resources */,
			);
			runOnlyForDeploymentPostprocessing = 0;
		};
/* End PBXResourcesBuildPhase section */

/* Begin PBXSourcesBuildPhase section */
		3F3011A7291FD5B200613D2D /* Sources */ = {
			isa = PBXSourcesBuildPhase;
			buildActionMask = 2147483647;
			files = (
				3FDDDF2029278E7C00ECFCCE /* MonthYearPickerView.swift in Sources */,
				3FDDDF1E29277BDA00ECFCCE /* DayListViewController.swift in Sources */,
				3FDDDF2B2927BCED00ECFCCE /* GroupTableCell.swift in Sources */,
				3FDDDF2E29309CAE00ECFCCE /* SpendDayTableAddCell.swift in Sources */,
				3F3011B3291FD5B200613D2D /* ViewController.swift in Sources */,
				3FDDDF1B29276CBA00ECFCCE /* SQLiteDataStore.swift in Sources */,
				3FA17D4C2A447F810014CBE0 /* SecretKey.swift in Sources */,
				3FDDDF152927682100ECFCCE /* NTMonth.swift in Sources */,
				3F3011C3291FDE1000613D2D /* DataStoreable.swift in Sources */,
				3F3C36B62A41E388004B6057 /* ReportViewController.swift in Sources */,
				3F3011AF291FD5B200613D2D /* AppDelegate.swift in Sources */,
				3F90B6252A373BD700674CDD /* NTMonth+Model.swift in Sources */,
				3FCDE063293DE25E003583B1 /* SpendListTableCell.swift in Sources */,
				3FCDE061293DDB0A003583B1 /* SpendListTableViewController.swift in Sources */,
				3FDDDF0D29275F5C00ECFCCE /* Date+.swift in Sources */,
				3FDDDF122927680B00ECFCCE /* NTSpendDay.swift in Sources */,
				3FDDDF1929276C1000ECFCCE /* NTSpendCategory.swift in Sources */,
				3FDDDF232927979D00ECFCCE /* SpendDayTableCell.swift in Sources */,
				3F3011B1291FD5B200613D2D /* SceneDelegate.swift in Sources */,
				3FDDDF252927B48200ECFCCE /* UIView+.swift in Sources */,
				3F563CBB293747D60009E755 /* Int+.swift in Sources */,
				3FDDDF1729276A0600ECFCCE /* NTGroup.swift in Sources */,
				3FDDDF292927BC0E00ECFCCE /* AddMonthViewController.swift in Sources */,
				3FDDDF302930A0E800ECFCCE /* AddSpendViewController.swift in Sources */,
				3F3C36B42A41E1A3004B6057 /* NtMonth+Report.swift in Sources */,
				3FDDDF102927680600ECFCCE /* NTObject.swift in Sources */,
				3F4DF5E52944C07C00092D2C /* Coordinator.swift in Sources */,
				3FDDDF0A29275EAD00ECFCCE /* function.swift in Sources */,
				3FDDDF322930A34D00ECFCCE /* CategoryTableCell.swift in Sources */,
				3F4DF5E72944C42C00092D2C /* ViewControllerUpdatable.swift in Sources */,
				3F90B6282A373D5F00674CDD /* DayListViewModel.swift in Sources */,
			);
			runOnlyForDeploymentPostprocessing = 0;
		};
/* End PBXSourcesBuildPhase section */

/* Begin PBXVariantGroup section */
		3F3011B4291FD5B200613D2D /* Main.storyboard */ = {
			isa = PBXVariantGroup;
			children = (
				3F3011B5291FD5B200613D2D /* Base */,
			);
			name = Main.storyboard;
			sourceTree = "<group>";
		};
		3F3011B9291FD5B400613D2D /* LaunchScreen.storyboard */ = {
			isa = PBXVariantGroup;
			children = (
				3F3011BA291FD5B400613D2D /* Base */,
			);
			name = LaunchScreen.storyboard;
			sourceTree = "<group>";
		};
/* End PBXVariantGroup section */

/* Begin XCBuildConfiguration section */
		3F3011BD291FD5B400613D2D /* Debug */ = {
			isa = XCBuildConfiguration;
			buildSettings = {
				ALWAYS_SEARCH_USER_PATHS = NO;
				CLANG_ANALYZER_NONNULL = YES;
				CLANG_ANALYZER_NUMBER_OBJECT_CONVERSION = YES_AGGRESSIVE;
				CLANG_CXX_LANGUAGE_STANDARD = "gnu++17";
				CLANG_ENABLE_MODULES = YES;
				CLANG_ENABLE_OBJC_ARC = YES;
				CLANG_ENABLE_OBJC_WEAK = YES;
				CLANG_WARN_BLOCK_CAPTURE_AUTORELEASING = YES;
				CLANG_WARN_BOOL_CONVERSION = YES;
				CLANG_WARN_COMMA = YES;
				CLANG_WARN_CONSTANT_CONVERSION = YES;
				CLANG_WARN_DEPRECATED_OBJC_IMPLEMENTATIONS = YES;
				CLANG_WARN_DIRECT_OBJC_ISA_USAGE = YES_ERROR;
				CLANG_WARN_DOCUMENTATION_COMMENTS = YES;
				CLANG_WARN_EMPTY_BODY = YES;
				CLANG_WARN_ENUM_CONVERSION = YES;
				CLANG_WARN_INFINITE_RECURSION = YES;
				CLANG_WARN_INT_CONVERSION = YES;
				CLANG_WARN_NON_LITERAL_NULL_CONVERSION = YES;
				CLANG_WARN_OBJC_IMPLICIT_RETAIN_SELF = YES;
				CLANG_WARN_OBJC_LITERAL_CONVERSION = YES;
				CLANG_WARN_OBJC_ROOT_CLASS = YES_ERROR;
				CLANG_WARN_QUOTED_INCLUDE_IN_FRAMEWORK_HEADER = YES;
				CLANG_WARN_RANGE_LOOP_ANALYSIS = YES;
				CLANG_WARN_STRICT_PROTOTYPES = YES;
				CLANG_WARN_SUSPICIOUS_MOVE = YES;
				CLANG_WARN_UNGUARDED_AVAILABILITY = YES_AGGRESSIVE;
				CLANG_WARN_UNREACHABLE_CODE = YES;
				CLANG_WARN__DUPLICATE_METHOD_MATCH = YES;
				COPY_PHASE_STRIP = NO;
				DEBUG_INFORMATION_FORMAT = dwarf;
				ENABLE_STRICT_OBJC_MSGSEND = YES;
				ENABLE_TESTABILITY = YES;
				GCC_C_LANGUAGE_STANDARD = gnu11;
				GCC_DYNAMIC_NO_PIC = NO;
				GCC_NO_COMMON_BLOCKS = YES;
				GCC_OPTIMIZATION_LEVEL = 0;
				GCC_PREPROCESSOR_DEFINITIONS = (
					"DEBUG=1",
					"$(inherited)",
				);
				GCC_WARN_64_TO_32_BIT_CONVERSION = YES;
				GCC_WARN_ABOUT_RETURN_TYPE = YES_ERROR;
				GCC_WARN_UNDECLARED_SELECTOR = YES;
				GCC_WARN_UNINITIALIZED_AUTOS = YES_AGGRESSIVE;
				GCC_WARN_UNUSED_FUNCTION = YES;
				GCC_WARN_UNUSED_VARIABLE = YES;
				IPHONEOS_DEPLOYMENT_TARGET = 15.5;
				MTL_ENABLE_DEBUG_INFO = INCLUDE_SOURCE;
				MTL_FAST_MATH = YES;
				ONLY_ACTIVE_ARCH = YES;
				SDKROOT = iphoneos;
				SWIFT_ACTIVE_COMPILATION_CONDITIONS = DEBUG;
				SWIFT_OPTIMIZATION_LEVEL = "-Onone";
			};
			name = Debug;
		};
		3F3011BE291FD5B400613D2D /* Release */ = {
			isa = XCBuildConfiguration;
			buildSettings = {
				ALWAYS_SEARCH_USER_PATHS = NO;
				CLANG_ANALYZER_NONNULL = YES;
				CLANG_ANALYZER_NUMBER_OBJECT_CONVERSION = YES_AGGRESSIVE;
				CLANG_CXX_LANGUAGE_STANDARD = "gnu++17";
				CLANG_ENABLE_MODULES = YES;
				CLANG_ENABLE_OBJC_ARC = YES;
				CLANG_ENABLE_OBJC_WEAK = YES;
				CLANG_WARN_BLOCK_CAPTURE_AUTORELEASING = YES;
				CLANG_WARN_BOOL_CONVERSION = YES;
				CLANG_WARN_COMMA = YES;
				CLANG_WARN_CONSTANT_CONVERSION = YES;
				CLANG_WARN_DEPRECATED_OBJC_IMPLEMENTATIONS = YES;
				CLANG_WARN_DIRECT_OBJC_ISA_USAGE = YES_ERROR;
				CLANG_WARN_DOCUMENTATION_COMMENTS = YES;
				CLANG_WARN_EMPTY_BODY = YES;
				CLANG_WARN_ENUM_CONVERSION = YES;
				CLANG_WARN_INFINITE_RECURSION = YES;
				CLANG_WARN_INT_CONVERSION = YES;
				CLANG_WARN_NON_LITERAL_NULL_CONVERSION = YES;
				CLANG_WARN_OBJC_IMPLICIT_RETAIN_SELF = YES;
				CLANG_WARN_OBJC_LITERAL_CONVERSION = YES;
				CLANG_WARN_OBJC_ROOT_CLASS = YES_ERROR;
				CLANG_WARN_QUOTED_INCLUDE_IN_FRAMEWORK_HEADER = YES;
				CLANG_WARN_RANGE_LOOP_ANALYSIS = YES;
				CLANG_WARN_STRICT_PROTOTYPES = YES;
				CLANG_WARN_SUSPICIOUS_MOVE = YES;
				CLANG_WARN_UNGUARDED_AVAILABILITY = YES_AGGRESSIVE;
				CLANG_WARN_UNREACHABLE_CODE = YES;
				CLANG_WARN__DUPLICATE_METHOD_MATCH = YES;
				COPY_PHASE_STRIP = NO;
				DEBUG_INFORMATION_FORMAT = "dwarf-with-dsym";
				ENABLE_NS_ASSERTIONS = NO;
				ENABLE_STRICT_OBJC_MSGSEND = YES;
				GCC_C_LANGUAGE_STANDARD = gnu11;
				GCC_NO_COMMON_BLOCKS = YES;
				GCC_WARN_64_TO_32_BIT_CONVERSION = YES;
				GCC_WARN_ABOUT_RETURN_TYPE = YES_ERROR;
				GCC_WARN_UNDECLARED_SELECTOR = YES;
				GCC_WARN_UNINITIALIZED_AUTOS = YES_AGGRESSIVE;
				GCC_WARN_UNUSED_FUNCTION = YES;
				GCC_WARN_UNUSED_VARIABLE = YES;
				IPHONEOS_DEPLOYMENT_TARGET = 15.5;
				MTL_ENABLE_DEBUG_INFO = NO;
				MTL_FAST_MATH = YES;
				SDKROOT = iphoneos;
				SWIFT_COMPILATION_MODE = wholemodule;
				SWIFT_OPTIMIZATION_LEVEL = "-O";
				VALIDATE_PRODUCT = YES;
			};
			name = Release;
		};
		3F3011C0291FD5B400613D2D /* Debug */ = {
			isa = XCBuildConfiguration;
			buildSettings = {
				ASSETCATALOG_COMPILER_APPICON_NAME = AppIcon;
				ASSETCATALOG_COMPILER_GLOBAL_ACCENT_COLOR_NAME = AccentColor;
				CODE_SIGN_STYLE = Automatic;
				CURRENT_PROJECT_VERSION = 1;
				DEVELOPMENT_TEAM = WVLV77R6X7;
				GENERATE_INFOPLIST_FILE = YES;
				INFOPLIST_FILE = SaveMoney/Info.plist;
				INFOPLIST_KEY_UIApplicationSupportsIndirectInputEvents = YES;
				INFOPLIST_KEY_UILaunchStoryboardName = LaunchScreen;
				INFOPLIST_KEY_UIMainStoryboardFile = Main;
				INFOPLIST_KEY_UISupportedInterfaceOrientations_iPad = "UIInterfaceOrientationPortrait UIInterfaceOrientationPortraitUpsideDown UIInterfaceOrientationLandscapeLeft UIInterfaceOrientationLandscapeRight";
				INFOPLIST_KEY_UISupportedInterfaceOrientations_iPhone = "UIInterfaceOrientationPortrait UIInterfaceOrientationLandscapeLeft UIInterfaceOrientationLandscapeRight";
				LD_RUNPATH_SEARCH_PATHS = (
					"$(inherited)",
					"@executable_path/Frameworks",
				);
				MARKETING_VERSION = 1.0;
				PRODUCT_BUNDLE_IDENTIFIER = vapor.park.SaveMoney;
				PRODUCT_NAME = "$(TARGET_NAME)";
				SWIFT_EMIT_LOC_STRINGS = YES;
				SWIFT_VERSION = 5.0;
				TARGETED_DEVICE_FAMILY = "1,2";
			};
			name = Debug;
		};
		3F3011C1291FD5B400613D2D /* Release */ = {
			isa = XCBuildConfiguration;
			buildSettings = {
				ASSETCATALOG_COMPILER_APPICON_NAME = AppIcon;
				ASSETCATALOG_COMPILER_GLOBAL_ACCENT_COLOR_NAME = AccentColor;
				CODE_SIGN_STYLE = Automatic;
				CURRENT_PROJECT_VERSION = 1;
				DEVELOPMENT_TEAM = WVLV77R6X7;
				GENERATE_INFOPLIST_FILE = YES;
				INFOPLIST_FILE = SaveMoney/Info.plist;
				INFOPLIST_KEY_UIApplicationSupportsIndirectInputEvents = YES;
				INFOPLIST_KEY_UILaunchStoryboardName = LaunchScreen;
				INFOPLIST_KEY_UIMainStoryboardFile = Main;
				INFOPLIST_KEY_UISupportedInterfaceOrientations_iPad = "UIInterfaceOrientationPortrait UIInterfaceOrientationPortraitUpsideDown UIInterfaceOrientationLandscapeLeft UIInterfaceOrientationLandscapeRight";
				INFOPLIST_KEY_UISupportedInterfaceOrientations_iPhone = "UIInterfaceOrientationPortrait UIInterfaceOrientationLandscapeLeft UIInterfaceOrientationLandscapeRight";
				LD_RUNPATH_SEARCH_PATHS = (
					"$(inherited)",
					"@executable_path/Frameworks",
				);
				MARKETING_VERSION = 1.0;
				PRODUCT_BUNDLE_IDENTIFIER = vapor.park.SaveMoney;
				PRODUCT_NAME = "$(TARGET_NAME)";
				SWIFT_EMIT_LOC_STRINGS = YES;
				SWIFT_VERSION = 5.0;
				TARGETED_DEVICE_FAMILY = "1,2";
			};
			name = Release;
		};
/* End XCBuildConfiguration section */

/* Begin XCConfigurationList section */
		3F3011A6291FD5B200613D2D /* Build configuration list for PBXProject "SaveMoney" */ = {
			isa = XCConfigurationList;
			buildConfigurations = (
				3F3011BD291FD5B400613D2D /* Debug */,
				3F3011BE291FD5B400613D2D /* Release */,
			);
			defaultConfigurationIsVisible = 0;
			defaultConfigurationName = Release;
		};
		3F3011BF291FD5B400613D2D /* Build configuration list for PBXNativeTarget "SaveMoney" */ = {
			isa = XCConfigurationList;
			buildConfigurations = (
				3F3011C0291FD5B400613D2D /* Debug */,
				3F3011C1291FD5B400613D2D /* Release */,
			);
			defaultConfigurationIsVisible = 0;
			defaultConfigurationName = Release;
		};
/* End XCConfigurationList section */
	};
	rootObject = 3F3011A3291FD5B200613D2D /* Project object */;
}
